
Microsoft Visual Studio Solution File, Format Version 12.00
# Visual Studio Version 17
VisualStudioVersion = 17.14.35906.104
MinimumVisualStudioVersion = 10.0.40219.1
Project("{9A19103F-16F7-4668-BE54-9A1E7A4F7556}") = "MD.Api", "MD.Api.csproj", "{190B2918-6E07-416B-A1CE-755332EB3BE7}"
EndProject
Project("{9A19103F-16F7-4668-BE54-9A1E7A4F7556}") = "WebSchool", "..\WebSchool\WebSchool.csproj", "{5921CD58-B346-4661-8B1E-53EA72B8113D}"
EndProject
Project("{9A19103F-16F7-4668-BE54-9A1E7A4F7556}") = "BlazorSchool", "..\BlazorSchool\BlazorSchool.csproj", "{CDE1E97D-9479-4967-A6C7-BF325AB905EB}"
EndProject
Global
	GlobalSection(SolutionConfigurationPlatforms) = preSolution
		Debug|Any CPU = Debug|Any CPU
		Release|Any CPU = Release|Any CPU
	EndGlobalSection
	GlobalSection(ProjectConfigurationPlatforms) = postSolution
		{190B2918-6E07-416B-A1CE-755332EB3BE7}.Debug|Any CPU.ActiveCfg = Debug|Any CPU
		{190B2918-6E07-416B-A1CE-755332EB3BE7}.Debug|Any CPU.Build.0 = Debug|Any CPU
		{190B2918-6E07-416B-A1CE-755332EB3BE7}.Release|Any CPU.ActiveCfg = Release|Any CPU
		{190B2918-6E07-416B-A1CE-755332EB3BE7}.Release|Any CPU.Build.0 = Release|Any CPU
		{5921CD58-B346-4661-8B1E-53EA72B8113D}.Debug|Any CPU.ActiveCfg = Debug|Any CPU
		{5921CD58-B346-4661-8B1E-53EA72B8113D}.Debug|Any CPU.Build.0 = Debug|Any CPU
		{5921CD58-B346-4661-8B1E-53EA72B8113D}.Release|Any CPU.ActiveCfg = Release|Any CPU
		{5921CD58-B346-4661-8B1E-53EA72B8113D}.Release|Any CPU.Build.0 = Release|Any CPU
		{CDE1E97D-9479-4967-A6C7-BF325AB905EB}.Debug|Any CPU.ActiveCfg = Debug|Any CPU
		{CDE1E97D-9479-4967-A6C7-BF325AB905EB}.Debug|Any CPU.Build.0 = Debug|Any CPU
		{CDE1E97D-9479-4967-A6C7-BF325AB905EB}.Release|Any CPU.ActiveCfg = Release|Any CPU
		{CDE1E97D-9479-4967-A6C7-BF325AB905EB}.Release|Any CPU.Build.0 = Release|Any CPU
	EndGlobalSection
	GlobalSection(SolutionProperties) = preSolution
		HideSolutionNode = FALSE
	EndGlobalSection
	GlobalSection(ExtensibilityGlobals) = postSolution
		SolutionGuid = {D2BC5625-1922-47B2-9D08-447493EAD45D}
	EndGlobalSection
EndGlobal
